# This file is automatically @generated by Cargo.
# It is not intended for manual editing.
version = 4

[[package]]
name = "rostify-cli"
version = "0.1.0"
dependencies = [
 "rostify-core",
 "rostify-utils",
]

[[package]]
name = "rostify-core"
version = "0.1.0"
dependencies = [
 "rostify-utils",
]

[[package]]
name = "rostify-utils"
version = "0.1.0"
